
Microsoft Visual Studio Solution File, Format Version 12.00
# Visual Studio Version 17
VisualStudioVersion = 17.1.32328.378
MinimumVisualStudioVersion = 10.0.40219.1
Project("{FAE04EC0-301F-11D3-BF4B-00C04F79EFBC}") = "AddressBookSystem", "AddressBookSystem.csproj", "{46627C9C-2822-4120-8351-4517235D8781}"
EndProject
Global
	GlobalSection(SolutionConfigurationPlatforms) = preSolution
		Debug|Any CPU = Debug|Any CPU
		Release|Any CPU = Release|Any CPU
	EndGlobalSection
	GlobalSection(ProjectConfigurationPlatforms) = postSolution
		{46627C9C-2822-4120-8351-4517235D8781}.Debug|Any CPU.ActiveCfg = Debug|Any CPU
		{46627C9C-2822-4120-8351-4517235D8781}.Debug|Any CPU.Build.0 = Debug|Any CPU
		{46627C9C-2822-4120-8351-4517235D8781}.Release|Any CPU.ActiveCfg = Release|Any CPU
		{46627C9C-2822-4120-8351-4517235D8781}.Release|Any CPU.Build.0 = Release|Any CPU
	EndGlobalSection
	GlobalSection(SolutionProperties) = preSolution
		HideSolutionNode = FALSE
	EndGlobalSection
	GlobalSection(ExtensibilityGlobals) = postSolution
		SolutionGuid = {070FAFF7-D6DB-4066-8C18-9A49935E0BBE}
	EndGlobalSection
EndGlobal
